<?xml version="1.0" encoding="utf-8"?>
<Project ToolsVersion="4.0" xmlns="http://schemas.microsoft.com/developer/msbuild/2003">
  <ItemGroup>
    <Filter Include="Van">
      <UniqueIdentifier>{AA2D880B-1637-887C-9FB2-9E7C0BBB937C}</UniqueIdentifier>
    </Filter>
  </ItemGroup>
  <ItemGroup>
    <ClInclude Include="src\Van.h" />
    <ClInclude Include="src\Van\Application.h">
      <Filter>Van</Filter>
    </ClInclude>
    <ClInclude Include="src\Van\Core.h">
      <Filter>Van</Filter>
    </ClInclude>
    <ClInclude Include="src\Van\EntryPoint.h">
      <Filter>Van</Filter>
    </ClInclude>
    <ClInclude Include="src\Van\Log.h">
      <Filter>Van</Filter>
    </ClInclude>
  </ItemGroup>
  <ItemGroup>
    <ClCompile Include="src\Van\Application.cpp">
      <Filter>Van</Filter>
    </ClCompile>
    <ClCompile Include="src\Van\Log.cpp">
      <Filter>Van</Filter>
    </ClCompile>
  </ItemGroup>
</Project>